
Microsoft Visual Studio Solution File, Format Version 12.00
# Visual Studio Version 16
VisualStudioVersion = 16.0.31410.357
MinimumVisualStudioVersion = 10.0.40219.1
Project("{FAE04EC0-301F-11D3-BF4B-00C04F79EFBC}") = "School", "School\School.csproj", "{1C6457A5-1E3C-4A0B-B105-F1CF45AFC2CF}"
EndProject
Global
	GlobalSection(SolutionConfigurationPlatforms) = preSolution
		Debug|Any CPU = Debug|Any CPU
		Release|Any CPU = Release|Any CPU
	EndGlobalSection
	GlobalSection(ProjectConfigurationPlatforms) = postSolution
		{1C6457A5-1E3C-4A0B-B105-F1CF45AFC2CF}.Debug|Any CPU.ActiveCfg = Debug|Any CPU
		{1C6457A5-1E3C-4A0B-B105-F1CF45AFC2CF}.Debug|Any CPU.Build.0 = Debug|Any CPU
		{1C6457A5-1E3C-4A0B-B105-F1CF45AFC2CF}.Release|Any CPU.ActiveCfg = Release|Any CPU
		{1C6457A5-1E3C-4A0B-B105-F1CF45AFC2CF}.Release|Any CPU.Build.0 = Release|Any CPU
	EndGlobalSection
	GlobalSection(SolutionProperties) = preSolution
		HideSolutionNode = FALSE
	EndGlobalSection
	GlobalSection(ExtensibilityGlobals) = postSolution
		SolutionGuid = {5939405A-2716-4DEE-914F-6E2A99A06E72}
	EndGlobalSection
EndGlobal
